// !$*UTF8*$!
{
	archiveVersion = 1;
	classes = {
	};
	objectVersion = 56;
	objects = {

/* Begin PBXBuildFile section */
		100D7C3A2B96E7CB0079DA90 /* StartViewController.swift in Sources */ = {isa = PBXBuildFile; fileRef = 100D7C392B96E7CA0079DA90 /* StartViewController.swift */; };
		100D7C3C2B97F0EA0079DA90 /* ScoreViewController.swift in Sources */ = {isa = PBXBuildFile; fileRef = 100D7C3B2B97F0EA0079DA90 /* ScoreViewController.swift */; };
		100D7C462B9871250079DA90 /* QuizTests.swift in Sources */ = {isa = PBXBuildFile; fileRef = 100D7C452B9871250079DA90 /* QuizTests.swift */; };
		100D7C4D2B98796F0079DA90 /* ViewControllerTests.swift in Sources */ = {isa = PBXBuildFile; fileRef = 100D7C4C2B98796F0079DA90 /* ViewControllerTests.swift */; };
		101A0CDF2B8F6D3B006E322C /* AppDelegate.swift in Sources */ = {isa = PBXBuildFile; fileRef = 101A0CDE2B8F6D3B006E322C /* AppDelegate.swift */; };
		101A0CE12B8F6D3B006E322C /* SceneDelegate.swift in Sources */ = {isa = PBXBuildFile; fileRef = 101A0CE02B8F6D3B006E322C /* SceneDelegate.swift */; };
		101A0CE32B8F6D3B006E322C /* ViewController.swift in Sources */ = {isa = PBXBuildFile; fileRef = 101A0CE22B8F6D3B006E322C /* ViewController.swift */; };
		101A0CE62B8F6D3B006E322C /* Main.storyboard in Resources */ = {isa = PBXBuildFile; fileRef = 101A0CE42B8F6D3B006E322C /* Main.storyboard */; };
		101A0CE82B8F6D51006E322C /* Assets.xcassets in Resources */ = {isa = PBXBuildFile; fileRef = 101A0CE72B8F6D51006E322C /* Assets.xcassets */; };
		101A0CEB2B8F6D51006E322C /* LaunchScreen.storyboard in Resources */ = {isa = PBXBuildFile; fileRef = 101A0CE92B8F6D51006E322C /* LaunchScreen.storyboard */; };
		101A0CF42B90CD14006E322C /* QuizApp.swift in Sources */ = {isa = PBXBuildFile; fileRef = 101A0CF32B90CD14006E322C /* QuizApp.swift */; };
		101A0CF82B90D319006E322C /* APIService.swift in Sources */ = {isa = PBXBuildFile; fileRef = 101A0CF72B90D319006E322C /* APIService.swift */; };
		101A0CFA2B90D400006E322C /* QuizViewModel.swift in Sources */ = {isa = PBXBuildFile; fileRef = 101A0CF92B90D400006E322C /* QuizViewModel.swift */; };
		101A0CFE2B921B6B006E322C /* Common+Extension.swift in Sources */ = {isa = PBXBuildFile; fileRef = 101A0CFD2B921B6B006E322C /* Common+Extension.swift */; };
/* End PBXBuildFile section */

/* Begin PBXContainerItemProxy section */
		100D7C472B9871250079DA90 /* PBXContainerItemProxy */ = {
			isa = PBXContainerItemProxy;
			containerPortal = 101A0CD32B8F6D3B006E322C /* Project object */;
			proxyType = 1;
			remoteGlobalIDString = 101A0CDA2B8F6D3B006E322C;
			remoteInfo = Quiz;
		};
/* End PBXContainerItemProxy section */

/* Begin PBXFileReference section */
		100D7C392B96E7CA0079DA90 /* StartViewController.swift */ = {isa = PBXFileReference; lastKnownFileType = sourcecode.swift; path = StartViewController.swift; sourceTree = "<group>"; };
		100D7C3B2B97F0EA0079DA90 /* ScoreViewController.swift */ = {isa = PBXFileReference; lastKnownFileType = sourcecode.swift; path = ScoreViewController.swift; sourceTree = "<group>"; };
		100D7C432B9871250079DA90 /* QuizTests.xctest */ = {isa = PBXFileReference; explicitFileType = wrapper.cfbundle; includeInIndex = 0; path = QuizTests.xctest; sourceTree = BUILT_PRODUCTS_DIR; };
		100D7C452B9871250079DA90 /* QuizTests.swift */ = {isa = PBXFileReference; lastKnownFileType = sourcecode.swift; path = QuizTests.swift; sourceTree = "<group>"; };
		100D7C4C2B98796F0079DA90 /* ViewControllerTests.swift */ = {isa = PBXFileReference; lastKnownFileType = sourcecode.swift; path = ViewControllerTests.swift; sourceTree = "<group>"; };
		101A0CDB2B8F6D3B006E322C /* Quiz.app */ = {isa = PBXFileReference; explicitFileType = wrapper.application; includeInIndex = 0; path = Quiz.app; sourceTree = BUILT_PRODUCTS_DIR; };
		101A0CDE2B8F6D3B006E322C /* AppDelegate.swift */ = {isa = PBXFileReference; lastKnownFileType = sourcecode.swift; path = AppDelegate.swift; sourceTree = "<group>"; };
		101A0CE02B8F6D3B006E322C /* SceneDelegate.swift */ = {isa = PBXFileReference; lastKnownFileType = sourcecode.swift; path = SceneDelegate.swift; sourceTree = "<group>"; };
		101A0CE22B8F6D3B006E322C /* ViewController.swift */ = {isa = PBXFileReference; lastKnownFileType = sourcecode.swift; path = ViewController.swift; sourceTree = "<group>"; };
		101A0CE52B8F6D3B006E322C /* Base */ = {isa = PBXFileReference; lastKnownFileType = file.storyboard; name = Base; path = Base.lproj/Main.storyboard; sourceTree = "<group>"; };
		101A0CE72B8F6D51006E322C /* Assets.xcassets */ = {isa = PBXFileReference; lastKnownFileType = folder.assetcatalog; path = Assets.xcassets; sourceTree = "<group>"; };
		101A0CEA2B8F6D51006E322C /* Base */ = {isa = PBXFileReference; lastKnownFileType = file.storyboard; name = Base; path = Base.lproj/LaunchScreen.storyboard; sourceTree = "<group>"; };
		101A0CEC2B8F6D51006E322C /* Info.plist */ = {isa = PBXFileReference; lastKnownFileType = text.plist.xml; path = Info.plist; sourceTree = "<group>"; };
		101A0CF32B90CD14006E322C /* QuizApp.swift */ = {isa = PBXFileReference; lastKnownFileType = sourcecode.swift; path = QuizApp.swift; sourceTree = "<group>"; };
		101A0CF72B90D319006E322C /* APIService.swift */ = {isa = PBXFileReference; lastKnownFileType = sourcecode.swift; path = APIService.swift; sourceTree = "<group>"; };
		101A0CF92B90D400006E322C /* QuizViewModel.swift */ = {isa = PBXFileReference; lastKnownFileType = sourcecode.swift; path = QuizViewModel.swift; sourceTree = "<group>"; };
		101A0CFD2B921B6B006E322C /* Common+Extension.swift */ = {isa = PBXFileReference; lastKnownFileType = sourcecode.swift; path = "Common+Extension.swift"; sourceTree = "<group>"; };
/* End PBXFileReference section */

/* Begin PBXFrameworksBuildPhase section */
		100D7C402B9871250079DA90 /* Frameworks */ = {
			isa = PBXFrameworksBuildPhase;
			buildActionMask = 2147483647;
			files = (
			);
			runOnlyForDeploymentPostprocessing = 0;
		};
		101A0CD82B8F6D3B006E322C /* Frameworks */ = {
			isa = PBXFrameworksBuildPhase;
			buildActionMask = 2147483647;
			files = (
			);
			runOnlyForDeploymentPostprocessing = 0;
		};
/* End PBXFrameworksBuildPhase section */

/* Begin PBXGroup section */
		100D7C442B9871250079DA90 /* QuizTests */ = {
			isa = PBXGroup;
			children = (
				100D7C452B9871250079DA90 /* QuizTests.swift */,
				100D7C4C2B98796F0079DA90 /* ViewControllerTests.swift */,
			);
			path = QuizTests;
			sourceTree = "<group>";
		};
		101A0CD22B8F6D3B006E322C = {
			isa = PBXGroup;
			children = (
				101A0CDD2B8F6D3B006E322C /* Quiz */,
				100D7C442B9871250079DA90 /* QuizTests */,
				101A0CDC2B8F6D3B006E322C /* Products */,
			);
			sourceTree = "<group>";
		};
		101A0CDC2B8F6D3B006E322C /* Products */ = {
			isa = PBXGroup;
			children = (
				101A0CDB2B8F6D3B006E322C /* Quiz.app */,
				100D7C432B9871250079DA90 /* QuizTests.xctest */,
			);
			name = Products;
			sourceTree = "<group>";
		};
		101A0CDD2B8F6D3B006E322C /* Quiz */ = {
			isa = PBXGroup;
			children = (
				101A0CFC2B91C7D2006E322C /* Common */,
				101A0CFB2B91C7C4006E322C /* View */,
				101A0CF62B90D306006E322C /* APIService */,
				101A0CF52B90D156006E322C /* ViewModel */,
				101A0CF22B90CC37006E322C /* Model */,
				101A0CE42B8F6D3B006E322C /* Main.storyboard */,
				101A0CE72B8F6D51006E322C /* Assets.xcassets */,
				101A0CE92B8F6D51006E322C /* LaunchScreen.storyboard */,
				101A0CEC2B8F6D51006E322C /* Info.plist */,
			);
			path = Quiz;
			sourceTree = "<group>";
		};
		101A0CF22B90CC37006E322C /* Model */ = {
			isa = PBXGroup;
			children = (
				101A0CF32B90CD14006E322C /* QuizApp.swift */,
			);
			path = Model;
			sourceTree = "<group>";
		};
		101A0CF52B90D156006E322C /* ViewModel */ = {
			isa = PBXGroup;
			children = (
				101A0CF92B90D400006E322C /* QuizViewModel.swift */,
			);
			path = ViewModel;
			sourceTree = "<group>";
		};
		101A0CF62B90D306006E322C /* APIService */ = {
			isa = PBXGroup;
			children = (
				101A0CF72B90D319006E322C /* APIService.swift */,
			);
			path = APIService;
			sourceTree = "<group>";
		};
		101A0CFB2B91C7C4006E322C /* View */ = {
			isa = PBXGroup;
			children = (
				101A0CE22B8F6D3B006E322C /* ViewController.swift */,
				100D7C392B96E7CA0079DA90 /* StartViewController.swift */,
				100D7C3B2B97F0EA0079DA90 /* ScoreViewController.swift */,
			);
			path = View;
			sourceTree = "<group>";
		};
		101A0CFC2B91C7D2006E322C /* Common */ = {
			isa = PBXGroup;
			children = (
				101A0CDE2B8F6D3B006E322C /* AppDelegate.swift */,
				101A0CE02B8F6D3B006E322C /* SceneDelegate.swift */,
				101A0CFD2B921B6B006E322C /* Common+Extension.swift */,
			);
			path = Common;
			sourceTree = "<group>";
		};
/* End PBXGroup section */

/* Begin PBXNativeTarget section */
		100D7C422B9871250079DA90 /* QuizTests */ = {
			isa = PBXNativeTarget;
			buildConfigurationList = 100D7C492B9871250079DA90 /* Build configuration list for PBXNativeTarget "QuizTests" */;
			buildPhases = (
				100D7C3F2B9871250079DA90 /* Sources */,
				100D7C402B9871250079DA90 /* Frameworks */,
				100D7C412B9871250079DA90 /* Resources */,
			);
			buildRules = (
			);
			dependencies = (
				100D7C482B9871250079DA90 /* PBXTargetDependency */,
			);
			name = QuizTests;
			productName = QuizTests;
			productReference = 100D7C432B9871250079DA90 /* QuizTests.xctest */;
			productType = "com.apple.product-type.bundle.unit-test";
		};
		101A0CDA2B8F6D3B006E322C /* Quiz */ = {
			isa = PBXNativeTarget;
			buildConfigurationList = 101A0CEF2B8F6D51006E322C /* Build configuration list for PBXNativeTarget "Quiz" */;
			buildPhases = (
				101A0CD72B8F6D3B006E322C /* Sources */,
				101A0CD82B8F6D3B006E322C /* Frameworks */,
				101A0CD92B8F6D3B006E322C /* Resources */,
			);
			buildRules = (
			);
			dependencies = (
			);
			name = Quiz;
			productName = Quiz;
			productReference = 101A0CDB2B8F6D3B006E322C /* Quiz.app */;
			productType = "com.apple.product-type.application";
		};
/* End PBXNativeTarget section */

/* Begin PBXProject section */
		101A0CD32B8F6D3B006E322C /* Project object */ = {
			isa = PBXProject;
			attributes = {
				BuildIndependentTargetsInParallel = 1;
				LastSwiftUpdateCheck = 1430;
				LastUpgradeCheck = 1430;
				TargetAttributes = {
					100D7C422B9871250079DA90 = {
						CreatedOnToolsVersion = 14.3.1;
						TestTargetID = 101A0CDA2B8F6D3B006E322C;
					};
					101A0CDA2B8F6D3B006E322C = {
						CreatedOnToolsVersion = 14.3.1;
					};
				};
			};
			buildConfigurationList = 101A0CD62B8F6D3B006E322C /* Build configuration list for PBXProject "Quiz" */;
			compatibilityVersion = "Xcode 14.0";
			developmentRegion = en;
			hasScannedForEncodings = 0;
			knownRegions = (
				en,
				Base,
			);
			mainGroup = 101A0CD22B8F6D3B006E322C;
			productRefGroup = 101A0CDC2B8F6D3B006E322C /* Products */;
			projectDirPath = "";
			projectRoot = "";
			targets = (
				101A0CDA2B8F6D3B006E322C /* Quiz */,
				100D7C422B9871250079DA90 /* QuizTests */,
			);
		};
/* End PBXProject section */

/* Begin PBXResourcesBuildPhase section */
		100D7C412B9871250079DA90 /* Resources */ = {
			isa = PBXResourcesBuildPhase;
			buildActionMask = 2147483647;
			files = (
			);
			runOnlyForDeploymentPostprocessing = 0;
		};
		101A0CD92B8F6D3B006E322C /* Resources */ = {
			isa = PBXResourcesBuildPhase;
			buildActionMask = 2147483647;
			files = (
				101A0CEB2B8F6D51006E322C /* LaunchScreen.storyboard in Resources */,
				101A0CE82B8F6D51006E322C /* Assets.xcassets in Resources */,
				101A0CE62B8F6D3B006E322C /* Main.storyboard in Resources */,
			);
			runOnlyForDeploymentPostprocessing = 0;
		};
/* End PBXResourcesBuildPhase section */

/* Begin PBXSourcesBuildPhase section */
		100D7C3F2B9871250079DA90 /* Sources */ = {
			isa = PBXSourcesBuildPhase;
			buildActionMask = 2147483647;
			files = (
				100D7C4D2B98796F0079DA90 /* ViewControllerTests.swift in Sources */,
				100D7C462B9871250079DA90 /* QuizTests.swift in Sources */,
			);
			runOnlyForDeploymentPostprocessing = 0;
		};
		101A0CD72B8F6D3B006E322C /* Sources */ = {
			isa = PBXSourcesBuildPhase;
			buildActionMask = 2147483647;
			files = (
				101A0CFE2B921B6B006E322C /* Common+Extension.swift in Sources */,
				100D7C3A2B96E7CB0079DA90 /* StartViewController.swift in Sources */,
				101A0CE32B8F6D3B006E322C /* ViewController.swift in Sources */,
				101A0CF82B90D319006E322C /* APIService.swift in Sources */,
				101A0CDF2B8F6D3B006E322C /* AppDelegate.swift in Sources */,
				101A0CFA2B90D400006E322C /* QuizViewModel.swift in Sources */,
				101A0CF42B90CD14006E322C /* QuizApp.swift in Sources */,
				101A0CE12B8F6D3B006E322C /* SceneDelegate.swift in Sources */,
				100D7C3C2B97F0EA0079DA90 /* ScoreViewController.swift in Sources */,
			);
			runOnlyForDeploymentPostprocessing = 0;
		};
/* End PBXSourcesBuildPhase section */

/* Begin PBXTargetDependency section */
		100D7C482B9871250079DA90 /* PBXTargetDependency */ = {
			isa = PBXTargetDependency;
			target = 101A0CDA2B8F6D3B006E322C /* Quiz */;
			targetProxy = 100D7C472B9871250079DA90 /* PBXContainerItemProxy */;
		};
/* End PBXTargetDependency section */

/* Begin PBXVariantGroup section */
		101A0CE42B8F6D3B006E322C /* Main.storyboard */ = {
			isa = PBXVariantGroup;
			children = (
				101A0CE52B8F6D3B006E322C /* Base */,
			);
			name = Main.storyboard;
			sourceTree = "<group>";
		};
		101A0CE92B8F6D51006E322C /* LaunchScreen.storyboard */ = {
			isa = PBXVariantGroup;
			children = (
				101A0CEA2B8F6D51006E322C /* Base */,
			);
			name = LaunchScreen.storyboard;
			sourceTree = "<group>";
		};
/* End PBXVariantGroup section */

/* Begin XCBuildConfiguration section */
		100D7C4A2B9871250079DA90 /* Debug */ = {
			isa = XCBuildConfiguration;
			buildSettings = {
				BUNDLE_LOADER = "$(TEST_HOST)";
				CODE_SIGN_STYLE = Automatic;
				CURRENT_PROJECT_VERSION = 1;
				GENERATE_INFOPLIST_FILE = YES;
				MARKETING_VERSION = 1.0;
				PRODUCT_BUNDLE_IDENTIFIER = com.mytraie.QuizTests;
				PRODUCT_NAME = "$(TARGET_NAME)";
				SWIFT_EMIT_LOC_STRINGS = NO;
				SWIFT_VERSION = 5.0;
				TARGETED_DEVICE_FAMILY = "1,2";
				TEST_HOST = "$(BUILT_PRODUCTS_DIR)/Quiz.app/$(BUNDLE_EXECUTABLE_FOLDER_PATH)/Quiz";
			};
			name = Debug;
		};
		100D7C4B2B9871250079DA90 /* Release */ = {
			isa = XCBuildConfiguration;
			buildSettings = {
				BUNDLE_LOADER = "$(TEST_HOST)";
				CODE_SIGN_STYLE = Automatic;
				CURRENT_PROJECT_VERSION = 1;
				GENERATE_INFOPLIST_FILE = YES;
				MARKETING_VERSION = 1.0;
				PRODUCT_BUNDLE_IDENTIFIER = com.mytraie.QuizTests;
				PRODUCT_NAME = "$(TARGET_NAME)";
				SWIFT_EMIT_LOC_STRINGS = NO;
				SWIFT_VERSION = 5.0;
				TARGETED_DEVICE_FAMILY = "1,2";
				TEST_HOST = "$(BUILT_PRODUCTS_DIR)/Quiz.app/$(BUNDLE_EXECUTABLE_FOLDER_PATH)/Quiz";
			};
			name = Release;
		};
		101A0CED2B8F6D51006E322C /* Debug */ = {
			isa = XCBuildConfiguration;
			buildSettings = {
				ALWAYS_SEARCH_USER_PATHS = NO;
				CLANG_ANALYZER_NONNULL = YES;
				CLANG_ANALYZER_NUMBER_OBJECT_CONVERSION = YES_AGGRESSIVE;
				CLANG_CXX_LANGUAGE_STANDARD = "gnu++20";
				CLANG_ENABLE_MODULES = YES;
				CLANG_ENABLE_OBJC_ARC = YES;
				CLANG_ENABLE_OBJC_WEAK = YES;
				CLANG_WARN_BLOCK_CAPTURE_AUTORELEASING = YES;
				CLANG_WARN_BOOL_CONVERSION = YES;
				CLANG_WARN_COMMA = YES;
				CLANG_WARN_CONSTANT_CONVERSION = YES;
				CLANG_WARN_DEPRECATED_OBJC_IMPLEMENTATIONS = YES;
				CLANG_WARN_DIRECT_OBJC_ISA_USAGE = YES_ERROR;
				CLANG_WARN_DOCUMENTATION_COMMENTS = YES;
				CLANG_WARN_EMPTY_BODY = YES;
				CLANG_WARN_ENUM_CONVERSION = YES;
				CLANG_WARN_INFINITE_RECURSION = YES;
				CLANG_WARN_INT_CONVERSION = YES;
				CLANG_WARN_NON_LITERAL_NULL_CONVERSION = YES;
				CLANG_WARN_OBJC_IMPLICIT_RETAIN_SELF = YES;
				CLANG_WARN_OBJC_LITERAL_CONVERSION = YES;
				CLANG_WARN_OBJC_ROOT_CLASS = YES_ERROR;
				CLANG_WARN_QUOTED_INCLUDE_IN_FRAMEWORK_HEADER = YES;
				CLANG_WARN_RANGE_LOOP_ANALYSIS = YES;
				CLANG_WARN_STRICT_PROTOTYPES = YES;
				CLANG_WARN_SUSPICIOUS_MOVE = YES;
				CLANG_WARN_UNGUARDED_AVAILABILITY = YES_AGGRESSIVE;
				CLANG_WARN_UNREACHABLE_CODE = YES;
				CLANG_WARN__DUPLICATE_METHOD_MATCH = YES;
				COPY_PHASE_STRIP = NO;
				DEBUG_INFORMATION_FORMAT = dwarf;
				ENABLE_STRICT_OBJC_MSGSEND = YES;
				ENABLE_TESTABILITY = YES;
				GCC_C_LANGUAGE_STANDARD = gnu11;
				GCC_DYNAMIC_NO_PIC = NO;
				GCC_NO_COMMON_BLOCKS = YES;
				GCC_OPTIMIZATION_LEVEL = 0;
				GCC_PREPROCESSOR_DEFINITIONS = (
					"DEBUG=1",
					"$(inherited)",
				);
				GCC_WARN_64_TO_32_BIT_CONVERSION = YES;
				GCC_WARN_ABOUT_RETURN_TYPE = YES_ERROR;
				GCC_WARN_UNDECLARED_SELECTOR = YES;
				GCC_WARN_UNINITIALIZED_AUTOS = YES_AGGRESSIVE;
				GCC_WARN_UNUSED_FUNCTION = YES;
				GCC_WARN_UNUSED_VARIABLE = YES;
				IPHONEOS_DEPLOYMENT_TARGET = 16.4;
				MTL_ENABLE_DEBUG_INFO = INCLUDE_SOURCE;
				MTL_FAST_MATH = YES;
				ONLY_ACTIVE_ARCH = YES;
				SDKROOT = iphoneos;
				SWIFT_ACTIVE_COMPILATION_CONDITIONS = DEBUG;
				SWIFT_OPTIMIZATION_LEVEL = "-Onone";
			};
			name = Debug;
		};
		101A0CEE2B8F6D51006E322C /* Release */ = {
			isa = XCBuildConfiguration;
			buildSettings = {
				ALWAYS_SEARCH_USER_PATHS = NO;
				CLANG_ANALYZER_NONNULL = YES;
				CLANG_ANALYZER_NUMBER_OBJECT_CONVERSION = YES_AGGRESSIVE;
				CLANG_CXX_LANGUAGE_STANDARD = "gnu++20";
				CLANG_ENABLE_MODULES = YES;
				CLANG_ENABLE_OBJC_ARC = YES;
				CLANG_ENABLE_OBJC_WEAK = YES;
				CLANG_WARN_BLOCK_CAPTURE_AUTORELEASING = YES;
				CLANG_WARN_BOOL_CONVERSION = YES;
				CLANG_WARN_COMMA = YES;
				CLANG_WARN_CONSTANT_CONVERSION = YES;
				CLANG_WARN_DEPRECATED_OBJC_IMPLEMENTATIONS = YES;
				CLANG_WARN_DIRECT_OBJC_ISA_USAGE = YES_ERROR;
				CLANG_WARN_DOCUMENTATION_COMMENTS = YES;
				CLANG_WARN_EMPTY_BODY = YES;
				CLANG_WARN_ENUM_CONVERSION = YES;
				CLANG_WARN_INFINITE_RECURSION = YES;
				CLANG_WARN_INT_CONVERSION = YES;
				CLANG_WARN_NON_LITERAL_NULL_CONVERSION = YES;
				CLANG_WARN_OBJC_IMPLICIT_RETAIN_SELF = YES;
				CLANG_WARN_OBJC_LITERAL_CONVERSION = YES;
				CLANG_WARN_OBJC_ROOT_CLASS = YES_ERROR;
				CLANG_WARN_QUOTED_INCLUDE_IN_FRAMEWORK_HEADER = YES;
				CLANG_WARN_RANGE_LOOP_ANALYSIS = YES;
				CLANG_WARN_STRICT_PROTOTYPES = YES;
				CLANG_WARN_SUSPICIOUS_MOVE = YES;
				CLANG_WARN_UNGUARDED_AVAILABILITY = YES_AGGRESSIVE;
				CLANG_WARN_UNREACHABLE_CODE = YES;
				CLANG_WARN__DUPLICATE_METHOD_MATCH = YES;
				COPY_PHASE_STRIP = NO;
				DEBUG_INFORMATION_FORMAT = "dwarf-with-dsym";
				ENABLE_NS_ASSERTIONS = NO;
				ENABLE_STRICT_OBJC_MSGSEND = YES;
				GCC_C_LANGUAGE_STANDARD = gnu11;
				GCC_NO_COMMON_BLOCKS = YES;
				GCC_WARN_64_TO_32_BIT_CONVERSION = YES;
				GCC_WARN_ABOUT_RETURN_TYPE = YES_ERROR;
				GCC_WARN_UNDECLARED_SELECTOR = YES;
				GCC_WARN_UNINITIALIZED_AUTOS = YES_AGGRESSIVE;
				GCC_WARN_UNUSED_FUNCTION = YES;
				GCC_WARN_UNUSED_VARIABLE = YES;
				IPHONEOS_DEPLOYMENT_TARGET = 16.4;
				MTL_ENABLE_DEBUG_INFO = NO;
				MTL_FAST_MATH = YES;
				SDKROOT = iphoneos;
				SWIFT_COMPILATION_MODE = wholemodule;
				SWIFT_OPTIMIZATION_LEVEL = "-O";
				VALIDATE_PRODUCT = YES;
			};
			name = Release;
		};
		101A0CF02B8F6D51006E322C /* Debug */ = {
			isa = XCBuildConfiguration;
			buildSettings = {
				ASSETCATALOG_COMPILER_APPICON_NAME = AppIcon;
				ASSETCATALOG_COMPILER_GLOBAL_ACCENT_COLOR_NAME = AccentColor;
				CODE_SIGN_STYLE = Automatic;
				CURRENT_PROJECT_VERSION = 1;
				GENERATE_INFOPLIST_FILE = YES;
				INFOPLIST_FILE = Quiz/Info.plist;
				INFOPLIST_KEY_UIApplicationSupportsIndirectInputEvents = YES;
				INFOPLIST_KEY_UILaunchStoryboardName = LaunchScreen;
				INFOPLIST_KEY_UIMainStoryboardFile = Main;
				INFOPLIST_KEY_UISupportedInterfaceOrientations_iPad = "UIInterfaceOrientationPortrait UIInterfaceOrientationPortraitUpsideDown UIInterfaceOrientationLandscapeLeft UIInterfaceOrientationLandscapeRight";
				INFOPLIST_KEY_UISupportedInterfaceOrientations_iPhone = "UIInterfaceOrientationPortrait UIInterfaceOrientationLandscapeLeft UIInterfaceOrientationLandscapeRight";
				LD_RUNPATH_SEARCH_PATHS = (
					"$(inherited)",
					"@executable_path/Frameworks",
				);
				MARKETING_VERSION = 1.0;
				PRODUCT_BUNDLE_IDENTIFIER = com.mytraie.Quiz;
				PRODUCT_NAME = "$(TARGET_NAME)";
				SWIFT_EMIT_LOC_STRINGS = YES;
				SWIFT_VERSION = 5.0;
				TARGETED_DEVICE_FAMILY = "1,2";
			};
			name = Debug;
		};
		101A0CF12B8F6D51006E322C /* Release */ = {
			isa = XCBuildConfiguration;
			buildSettings = {
				ASSETCATALOG_COMPILER_APPICON_NAME = AppIcon;
				ASSETCATALOG_COMPILER_GLOBAL_ACCENT_COLOR_NAME = AccentColor;
				CODE_SIGN_STYLE = Automatic;
				CURRENT_PROJECT_VERSION = 1;
				GENERATE_INFOPLIST_FILE = YES;
				INFOPLIST_FILE = Quiz/Info.plist;
				INFOPLIST_KEY_UIApplicationSupportsIndirectInputEvents = YES;
				INFOPLIST_KEY_UILaunchStoryboardName = LaunchScreen;
				INFOPLIST_KEY_UIMainStoryboardFile = Main;
				INFOPLIST_KEY_UISupportedInterfaceOrientations_iPad = "UIInterfaceOrientationPortrait UIInterfaceOrientationPortraitUpsideDown UIInterfaceOrientationLandscapeLeft UIInterfaceOrientationLandscapeRight";
				INFOPLIST_KEY_UISupportedInterfaceOrientations_iPhone = "UIInterfaceOrientationPortrait UIInterfaceOrientationLandscapeLeft UIInterfaceOrientationLandscapeRight";
				LD_RUNPATH_SEARCH_PATHS = (
					"$(inherited)",
					"@executable_path/Frameworks",
				);
				MARKETING_VERSION = 1.0;
				PRODUCT_BUNDLE_IDENTIFIER = com.mytraie.Quiz;
				PRODUCT_NAME = "$(TARGET_NAME)";
				SWIFT_EMIT_LOC_STRINGS = YES;
				SWIFT_VERSION = 5.0;
				TARGETED_DEVICE_FAMILY = "1,2";
			};
			name = Release;
		};
/* End XCBuildConfiguration section */

/* Begin XCConfigurationList section */
		100D7C492B9871250079DA90 /* Build configuration list for PBXNativeTarget "QuizTests" */ = {
			isa = XCConfigurationList;
			buildConfigurations = (
				100D7C4A2B9871250079DA90 /* Debug */,
				100D7C4B2B9871250079DA90 /* Release */,
			);
			defaultConfigurationIsVisible = 0;
			defaultConfigurationName = Release;
		};
		101A0CD62B8F6D3B006E322C /* Build configuration list for PBXProject "Quiz" */ = {
			isa = XCConfigurationList;
			buildConfigurations = (
				101A0CED2B8F6D51006E322C /* Debug */,
				101A0CEE2B8F6D51006E322C /* Release */,
			);
			defaultConfigurationIsVisible = 0;
			defaultConfigurationName = Release;
		};
		101A0CEF2B8F6D51006E322C /* Build configuration list for PBXNativeTarget "Quiz" */ = {
			isa = XCConfigurationList;
			buildConfigurations = (
				101A0CF02B8F6D51006E322C /* Debug */,
				101A0CF12B8F6D51006E322C /* Release */,
			);
			defaultConfigurationIsVisible = 0;
			defaultConfigurationName = Release;
		};
/* End XCConfigurationList section */
	};
	rootObject = 101A0CD32B8F6D3B006E322C /* Project object */;
}
